// !$*UTF8*$!
{
	archiveVersion = 1;
	classes = {
	};
	objectVersion = 46;
	objects = {

/* Begin PBXBuildFile section */
		1AE968E51CBD37CB00E673E5 /* dstring_test.c in Sources */ = {isa = PBXBuildFile; fileRef = 1AE968E21CBD37CB00E673E5 /* dstring_test.c */; };
		1AE968E61CBD37CB00E673E5 /* dstring.c in Sources */ = {isa = PBXBuildFile; fileRef = 1AE968E31CBD37CB00E673E5 /* dstring.c */; };
/* End PBXBuildFile section */

/* Begin PBXCopyFilesBuildPhase section */
		1AE968D61CBD37B700E673E5 /* CopyFiles */ = {
			isa = PBXCopyFilesBuildPhase;
			buildActionMask = 2147483647;
			dstPath = /usr/share/man/man1/;
			dstSubfolderSpec = 0;
			files = (
			);
			runOnlyForDeploymentPostprocessing = 1;
		};
/* End PBXCopyFilesBuildPhase section */

/* Begin PBXFileReference section */
		1AE968D81CBD37B700E673E5 /* Uppgift 1 */ = {isa = PBXFileReference; explicitFileType = "compiled.mach-o.executable"; includeInIndex = 0; path = "Uppgift 1"; sourceTree = BUILT_PRODUCTS_DIR; };
		1AE968E21CBD37CB00E673E5 /* dstring_test.c */ = {isa = PBXFileReference; fileEncoding = 4; lastKnownFileType = sourcecode.c.c; path = dstring_test.c; sourceTree = "<group>"; };
		1AE968E31CBD37CB00E673E5 /* dstring.c */ = {isa = PBXFileReference; fileEncoding = 4; lastKnownFileType = sourcecode.c.c; path = dstring.c; sourceTree = "<group>"; };
		1AE968E41CBD37CB00E673E5 /* dstring.h */ = {isa = PBXFileReference; fileEncoding = 4; lastKnownFileType = sourcecode.c.h; path = dstring.h; sourceTree = "<group>"; };
/* End PBXFileReference section */

/* Begin PBXFrameworksBuildPhase section */
		1AE968D51CBD37B700E673E5 /* Frameworks */ = {
			isa = PBXFrameworksBuildPhase;
			buildActionMask = 2147483647;
			files = (
			);
			runOnlyForDeploymentPostprocessing = 0;
		};
/* End PBXFrameworksBuildPhase section */

/* Begin PBXGroup section */
		1AE968CF1CBD37B700E673E5 = {
			isa = PBXGroup;
			children = (
				1AE968DA1CBD37B700E673E5 /* Uppgift 1 */,
				1AE968D91CBD37B700E673E5 /* Products */,
			);
			sourceTree = "<group>";
		};
		1AE968D91CBD37B700E673E5 /* Products */ = {
			isa = PBXGroup;
			children = (
				1AE968D81CBD37B700E673E5 /* Uppgift 1 */,
			);
			name = Products;
			sourceTree = "<group>";
		};
		1AE968DA1CBD37B700E673E5 /* Uppgift 1 */ = {
			isa = PBXGroup;
			children = (
				1AE968E21CBD37CB00E673E5 /* dstring_test.c */,
				1AE968E31CBD37CB00E673E5 /* dstring.c */,
				1AE968E41CBD37CB00E673E5 /* dstring.h */,
			);
			path = "Uppgift 1";
			sourceTree = "<group>";
		};
/* End PBXGroup section */

/* Begin PBXNativeTarget section */
		1AE968D71CBD37B700E673E5 /* Uppgift 1 */ = {
			isa = PBXNativeTarget;
			buildConfigurationList = 1AE968DF1CBD37B700E673E5 /* Build configuration list for PBXNativeTarget "Uppgift 1" */;
			buildPhases = (
				1AE968D41CBD37B700E673E5 /* Sources */,
				1AE968D51CBD37B700E673E5 /* Frameworks */,
				1AE968D61CBD37B700E673E5 /* CopyFiles */,
			);
			buildRules = (
			);
			dependencies = (
			);
			name = "Uppgift 1";
			productName = "Uppgift 1";
			productReference = 1AE968D81CBD37B700E673E5 /* Uppgift 1 */;
			productType = "com.apple.product-type.tool";
		};
/* End PBXNativeTarget section */

/* Begin PBXProject section */
		1AE968D01CBD37B700E673E5 /* Project object */ = {
			isa = PBXProject;
			attributes = {
				LastUpgradeCheck = 0730;
				ORGANIZATIONNAME = "Mälardalens Högskola";
				TargetAttributes = {
					1AE968D71CBD37B700E673E5 = {
						CreatedOnToolsVersion = 7.3;
					};
				};
			};
			buildConfigurationList = 1AE968D31CBD37B700E673E5 /* Build configuration list for PBXProject "Uppgift 1" */;
			compatibilityVersion = "Xcode 3.2";
			developmentRegion = English;
			hasScannedForEncodings = 0;
			knownRegions = (
				en,
			);
			mainGroup = 1AE968CF1CBD37B700E673E5;
			productRefGroup = 1AE968D91CBD37B700E673E5 /* Products */;
			projectDirPath = "";
			projectRoot = "";
			targets = (
				1AE968D71CBD37B700E673E5 /* Uppgift 1 */,
			);
		};
/* End PBXProject section */

/* Begin PBXSourcesBuildPhase section */
		1AE968D41CBD37B700E673E5 /* Sources */ = {
			isa = PBXSourcesBuildPhase;
			buildActionMask = 2147483647;
			files = (
				1AE968E51CBD37CB00E673E5 /* dstring_test.c in Sources */,
				1AE968E61CBD37CB00E673E5 /* dstring.c in Sources */,
			);
			runOnlyForDeploymentPostprocessing = 0;
		};
/* End PBXSourcesBuildPhase section */

/* Begin XCBuildConfiguration section */
		1AE968DD1CBD37B700E673E5 /* Debug */ = {
			isa = XCBuildConfiguration;
			buildSettings = {
				ALWAYS_SEARCH_USER_PATHS = NO;
				CLANG_ANALYZER_NONNULL = YES;
				CLANG_CXX_LANGUAGE_STANDARD = "gnu++0x";
				CLANG_CXX_LIBRARY = "libc++";
				CLANG_ENABLE_MODULES = YES;
				CLANG_ENABLE_OBJC_ARC = YES;
				CLANG_WARN_BOOL_CONVERSION = YES;
				CLANG_WARN_CONSTANT_CONVERSION = YES;
				CLANG_WARN_DIRECT_OBJC_ISA_USAGE = YES_ERROR;
				CLANG_WARN_EMPTY_BODY = YES;
				CLANG_WARN_ENUM_CONVERSION = YES;
				CLANG_WARN_INT_CONVERSION = YES;
				CLANG_WARN_OBJC_ROOT_CLASS = YES_ERROR;
				CLANG_WARN_UNREACHABLE_CODE = YES;
				CLANG_WARN__DUPLICATE_METHOD_MATCH = YES;
				CODE_SIGN_IDENTITY = "-";
				COPY_PHASE_STRIP = NO;
				DEBUG_INFORMATION_FORMAT = dwarf;
				ENABLE_STRICT_OBJC_MSGSEND = YES;
				ENABLE_TESTABILITY = YES;
				GCC_C_LANGUAGE_STANDARD = gnu99;
				GCC_DYNAMIC_NO_PIC = NO;
				GCC_NO_COMMON_BLOCKS = YES;
				GCC_OPTIMIZATION_LEVEL = 0;
				GCC_PREPROCESSOR_DEFINITIONS = (
					"DEBUG=1",
					"$(inherited)",
				);
				GCC_WARN_64_TO_32_BIT_CONVERSION = YES;
				GCC_WARN_ABOUT_RETURN_TYPE = YES_ERROR;
				GCC_WARN_UNDECLARED_SELECTOR = YES;
				GCC_WARN_UNINITIALIZED_AUTOS = YES_AGGRESSIVE;
				GCC_WARN_UNUSED_FUNCTION = YES;
				GCC_WARN_UNUSED_VARIABLE = YES;
				MACOSX_DEPLOYMENT_TARGET = 10.11;
				MTL_ENABLE_DEBUG_INFO = YES;
				ONLY_ACTIVE_ARCH = YES;
				SDKROOT = macosx;
			};
			name = Debug;
		};
		1AE968DE1CBD37B700E673E5 /* Release */ = {
			isa = XCBuildConfiguration;
			buildSettings = {
				ALWAYS_SEARCH_USER_PATHS = NO;
				CLANG_ANALYZER_NONNULL = YES;
				CLANG_CXX_LANGUAGE_STANDARD = "gnu++0x";
				CLANG_CXX_LIBRARY = "libc++";
				CLANG_ENABLE_MODULES = YES;
				CLANG_ENABLE_OBJC_ARC = YES;
				CLANG_WARN_BOOL_CONVERSION = YES;
				CLANG_WARN_CONSTANT_CONVERSION = YES;
				CLANG_WARN_DIRECT_OBJC_ISA_USAGE = YES_ERROR;
				CLANG_WARN_EMPTY_BODY = YES;
				CLANG_WARN_ENUM_CONVERSION = YES;
				CLANG_WARN_INT_CONVERSION = YES;
				CLANG_WARN_OBJC_ROOT_CLASS = YES_ERROR;
				CLANG_WARN_UNREACHABLE_CODE = YES;
				CLANG_WARN__DUPLICATE_METHOD_MATCH = YES;
				CODE_SIGN_IDENTITY = "-";
				COPY_PHASE_STRIP = NO;
				DEBUG_INFORMATION_FORMAT = "dwarf-with-dsym";
				ENABLE_NS_ASSERTIONS = NO;
				ENABLE_STRICT_OBJC_MSGSEND = YES;
				GCC_C_LANGUAGE_STANDARD = gnu99;
				GCC_NO_COMMON_BLOCKS = YES;
				GCC_WARN_64_TO_32_BIT_CONVERSION = YES;
				GCC_WARN_ABOUT_RETURN_TYPE = YES_ERROR;
				GCC_WARN_UNDECLARED_SELECTOR = YES;
				GCC_WARN_UNINITIALIZED_AUTOS = YES_AGGRESSIVE;
				GCC_WARN_UNUSED_FUNCTION = YES;
				GCC_WARN_UNUSED_VARIABLE = YES;
				MACOSX_DEPLOYMENT_TARGET = 10.11;
				MTL_ENABLE_DEBUG_INFO = NO;
				SDKROOT = macosx;
			};
			name = Release;
		};
		1AE968E01CBD37B700E673E5 /* Debug */ = {
			isa = XCBuildConfiguration;
			buildSettings = {
				PRODUCT_NAME = "$(TARGET_NAME)";
			};
			name = Debug;
		};
		1AE968E11CBD37B700E673E5 /* Release */ = {
			isa = XCBuildConfiguration;
			buildSettings = {
				PRODUCT_NAME = "$(TARGET_NAME)";
			};
			name = Release;
		};
/* End XCBuildConfiguration section */

/* Begin XCConfigurationList section */
		1AE968D31CBD37B700E673E5 /* Build configuration list for PBXProject "Uppgift 1" */ = {
			isa = XCConfigurationList;
			buildConfigurations = (
				1AE968DD1CBD37B700E673E5 /* Debug */,
				1AE968DE1CBD37B700E673E5 /* Release */,
			);
			defaultConfigurationIsVisible = 0;
			defaultConfigurationName = Release;
		};
		1AE968DF1CBD37B700E673E5 /* Build configuration list for PBXNativeTarget "Uppgift 1" */ = {
			isa = XCConfigurationList;
			buildConfigurations = (
				1AE968E01CBD37B700E673E5 /* Debug */,
				1AE968E11CBD37B700E673E5 /* Release */,
			);
			defaultConfigurationIsVisible = 0;
			defaultConfigurationName = Release;
		};
/* End XCConfigurationList section */
	};
	rootObject = 1AE968D01CBD37B700E673E5 /* Project object */;
}
